Microsoft Visual Studio Solution File, Format Version 12.00
# Visual Studio Version 17
VisualStudioVersion = 17.5.2.0
MinimumVisualStudioVersion = 10.0.40219.1
Project("{FAE04EC0-301F-11D3-BF4B-00C04F79EFBC}") = "PythonEditor", "PythonEditor.csproj", "{1F4531BD-A801-A449-DAD4-5A767B5DED62}"
EndProject
Global
	GlobalSection(SolutionConfigurationPlatforms) = preSolution
		Debug|Any CPU = Debug|Any CPU
		Release|Any CPU = Release|Any CPU
	EndGlobalSection
	GlobalSection(ProjectConfigurationPlatforms) = postSolution
		{1F4531BD-A801-A449-DAD4-5A767B5DED62}.Debug|Any CPU.ActiveCfg = Debug|Any CPU
		{1F4531BD-A801-A449-DAD4-5A767B5DED62}.Debug|Any CPU.Build.0 = Debug|Any CPU
		{1F4531BD-A801-A449-DAD4-5A767B5DED62}.Release|Any CPU.ActiveCfg = Release|Any CPU
		{1F4531BD-A801-A449-DAD4-5A767B5DED62}.Release|Any CPU.Build.0 = Release|Any CPU
	EndGlobalSection
	GlobalSection(SolutionProperties) = preSolution
		HideSolutionNode = FALSE
	EndGlobalSection
	GlobalSection(ExtensibilityGlobals) = postSolution
		SolutionGuid = {A8ABE8C0-CE72-481C-B526-18556AF574EC}
	EndGlobalSection
EndGlobal
